
Microsoft Visual Studio Solution File, Format Version 12.00
# Visual Studio Version 16
VisualStudioVersion = 16.0.31402.337
MinimumVisualStudioVersion = 10.0.40219.1
Project("{FAE04EC0-301F-11D3-BF4B-00C04F79EFBC}") = "WevoCRUD", "WevoCRUD\WevoCRUD.csproj", "{121827DE-8FBF-49D0-AF43-F4E66F323A62}"
EndProject
Global
	GlobalSection(SolutionConfigurationPlatforms) = preSolution
		Debug|Any CPU = Debug|Any CPU
		Release|Any CPU = Release|Any CPU
	EndGlobalSection
	GlobalSection(ProjectConfigurationPlatforms) = postSolution
		{121827DE-8FBF-49D0-AF43-F4E66F323A62}.Debug|Any CPU.ActiveCfg = Debug|Any CPU
		{121827DE-8FBF-49D0-AF43-F4E66F323A62}.Debug|Any CPU.Build.0 = Debug|Any CPU
		{121827DE-8FBF-49D0-AF43-F4E66F323A62}.Release|Any CPU.ActiveCfg = Release|Any CPU
		{121827DE-8FBF-49D0-AF43-F4E66F323A62}.Release|Any CPU.Build.0 = Release|Any CPU
	EndGlobalSection
	GlobalSection(SolutionProperties) = preSolution
		HideSolutionNode = FALSE
	EndGlobalSection
	GlobalSection(ExtensibilityGlobals) = postSolution
		SolutionGuid = {0ADF0A6D-A8FB-49AF-A53F-3D42A4706D7E}
	EndGlobalSection
EndGlobal
